{
  "name": "strapi-provider-upload-local-tuxy",
  "version": "1.10.2.11",
  "lockfileVersion": 2,
  "requires": true,
  "packages": {
    "": {
      "version": "1.10.2.11",
      "license": "SEE LICENSE IN LICENSE",
      "engines": {
        "node": ">=10.16.0",
        "npm": ">=6.0.0"
      }
    }
  }
}